// !$*UTF8*$!
{
	archiveVersion = 1;
	classes = {
	};
	objectVersion = 55;
	objects = {

/* Begin PBXBuildFile section */
		8727FAF427EE999B004FAE80 /* LogInResponse.swift in Sources */ = {isa = PBXBuildFile; fileRef = 8727FAF327EE999B004FAE80 /* LogInResponse.swift */; };
		8727FAF727EE9A9E004FAE80 /* LoginModel.swift in Sources */ = {isa = PBXBuildFile; fileRef = 8727FAF627EE9A9E004FAE80 /* LoginModel.swift */; };
		874C5F242804DD1900ADA695 /* NewsService.swift in Sources */ = {isa = PBXBuildFile; fileRef = 874C5F232804DD1900ADA695 /* NewsService.swift */; };
		874C5F262804DD3F00ADA695 /* NewsList.swift in Sources */ = {isa = PBXBuildFile; fileRef = 874C5F252804DD3F00ADA695 /* NewsList.swift */; };
		874C5F282804DD4600ADA695 /* NewsListResponse.swift in Sources */ = {isa = PBXBuildFile; fileRef = 874C5F272804DD4600ADA695 /* NewsListResponse.swift */; };
		8794839E27FD3E980066B8F2 /* NewsCollectionViewCell.swift in Sources */ = {isa = PBXBuildFile; fileRef = 8794839D27FD3E980066B8F2 /* NewsCollectionViewCell.swift */; };
		879483A027FD3EA10066B8F2 /* NewsCollectionViewCell.xib in Resources */ = {isa = PBXBuildFile; fileRef = 8794839F27FD3EA10066B8F2 /* NewsCollectionViewCell.xib */; };
		87ABD46827EF85A100BC4441 /* LoginService.swift in Sources */ = {isa = PBXBuildFile; fileRef = 87ABD46727EF85A100BC4441 /* LoginService.swift */; };
		87CBCB0E27E9741F00C13180 /* Extensions.swift in Sources */ = {isa = PBXBuildFile; fileRef = 87CBCB0C27E9741F00C13180 /* Extensions.swift */; };
		87CBCB0F27E9741F00C13180 /* Observable.swift in Sources */ = {isa = PBXBuildFile; fileRef = 87CBCB0D27E9741F00C13180 /* Observable.swift */; };
		87CBCB2027E974A900C13180 /* SignUpViewController.swift in Sources */ = {isa = PBXBuildFile; fileRef = 87CBCB1D27E974A900C13180 /* SignUpViewController.swift */; };
		87CBCB2127E974A900C13180 /* SignUpViewController.xib in Resources */ = {isa = PBXBuildFile; fileRef = 87CBCB1F27E974A900C13180 /* SignUpViewController.xib */; };
		87CBCB2427E9752A00C13180 /* SignUpViewModel.swift in Sources */ = {isa = PBXBuildFile; fileRef = 87CBCB2327E9752A00C13180 /* SignUpViewModel.swift */; };
		87CDAC8827F3BB87006738D0 /* UserSession.swift in Sources */ = {isa = PBXBuildFile; fileRef = 87CDAC8727F3BB87006738D0 /* UserSession.swift */; };
		992878312804A9C200928413 /* NosotrosCollectionViewCell.xib in Resources */ = {isa = PBXBuildFile; fileRef = 9928782F2804A9C200928413 /* NosotrosCollectionViewCell.xib */; };
		992878322804A9C200928413 /* NosotrosViewController.xib in Resources */ = {isa = PBXBuildFile; fileRef = 992878302804A9C200928413 /* NosotrosViewController.xib */; };
		992878352804A9CB00928413 /* NosotrosCollectionViewCell.swift in Sources */ = {isa = PBXBuildFile; fileRef = 992878332804A9CB00928413 /* NosotrosCollectionViewCell.swift */; };
		992878362804A9CB00928413 /* NosotrosViewController.swift in Sources */ = {isa = PBXBuildFile; fileRef = 992878342804A9CB00928413 /* NosotrosViewController.swift */; };
		995E4C6027F1F7D100632693 /* HomeViewController.swift in Sources */ = {isa = PBXBuildFile; fileRef = 995E4C5E27F1F7D100632693 /* HomeViewController.swift */; };
		995E4C6127F1F7D100632693 /* HomeViewController.xib in Resources */ = {isa = PBXBuildFile; fileRef = 995E4C5F27F1F7D100632693 /* HomeViewController.xib */; };
		9963492B27FDC7A300A463C9 /* ImageViewExtension.swift in Sources */ = {isa = PBXBuildFile; fileRef = 9963492A27FDC7A300A463C9 /* ImageViewExtension.swift */; };
		9963492D27FDC7BE00A463C9 /* HomeViewModel.swift in Sources */ = {isa = PBXBuildFile; fileRef = 9963492C27FDC7BE00A463C9 /* HomeViewModel.swift */; };
		9963492F27FDC7CC00A463C9 /* SliderService.swift in Sources */ = {isa = PBXBuildFile; fileRef = 9963492E27FDC7CB00A463C9 /* SliderService.swift */; };
		9963493227FDC7DA00A463C9 /* SliderList.swift in Sources */ = {isa = PBXBuildFile; fileRef = 9963493027FDC7DA00A463C9 /* SliderList.swift */; };
		9963493327FDC7DA00A463C9 /* SliderListResponse.swift in Sources */ = {isa = PBXBuildFile; fileRef = 9963493127FDC7DA00A463C9 /* SliderListResponse.swift */; };
		9993882727F0D190009B596B /* TabBarViewController.swift in Sources */ = {isa = PBXBuildFile; fileRef = 9993882627F0D190009B596B /* TabBarViewController.swift */; };
		A1361430280E228800B45CB1 /* NosotrosList.swift in Sources */ = {isa = PBXBuildFile; fileRef = A136142E280E228700B45CB1 /* NosotrosList.swift */; };
		A1361431280E228800B45CB1 /* NosotrosListResponse.swift in Sources */ = {isa = PBXBuildFile; fileRef = A136142F280E228800B45CB1 /* NosotrosListResponse.swift */; };
		A1361434280E22A800B45CB1 /* NosotrosService.swift in Sources */ = {isa = PBXBuildFile; fileRef = A1361433280E22A700B45CB1 /* NosotrosService.swift */; };
		A1361437280E22B700B45CB1 /* NosotrosViewModel.swift in Sources */ = {isa = PBXBuildFile; fileRef = A1361436280E22B600B45CB1 /* NosotrosViewModel.swift */; };
		A1DC72B327EA260B00D9D16C /* logInViewController.swift in Sources */ = {isa = PBXBuildFile; fileRef = A1DC72B027EA260B00D9D16C /* logInViewController.swift */; };
		A1DC72B427EA260B00D9D16C /* logInView.xib in Resources */ = {isa = PBXBuildFile; fileRef = A1DC72B227EA260B00D9D16C /* logInView.xib */; };
		A1F1236D27F72CA100657AF4 /* TestimonialsCollectionViewCell.swift in Sources */ = {isa = PBXBuildFile; fileRef = A1F1236B27F72CA000657AF4 /* TestimonialsCollectionViewCell.swift */; };
		A1F1236E27F72CA100657AF4 /* TestimonialsCollectionViewCell.xib in Resources */ = {isa = PBXBuildFile; fileRef = A1F1236C27F72CA000657AF4 /* TestimonialsCollectionViewCell.xib */; };
		A1F1237127FCDA8100657AF4 /* SeeMoreCollectionViewCell.swift in Sources */ = {isa = PBXBuildFile; fileRef = A1F1236F27FCDA8100657AF4 /* SeeMoreCollectionViewCell.swift */; };
		A1F1237227FCDA8100657AF4 /* SeeMoreCollectionViewCell.xib in Resources */ = {isa = PBXBuildFile; fileRef = A1F1237027FCDA8100657AF4 /* SeeMoreCollectionViewCell.xib */; };
		A1F1237427FE4EE300657AF4 /* TestimonialsList.swift in Sources */ = {isa = PBXBuildFile; fileRef = A1F1237327FE4EE300657AF4 /* TestimonialsList.swift */; };
		A1F1237627FE4F5400657AF4 /* TestimonialsListResponse.swift in Sources */ = {isa = PBXBuildFile; fileRef = A1F1237527FE4F5400657AF4 /* TestimonialsListResponse.swift */; };
		A1F1237827FE4FF500657AF4 /* TestimonialsService.swift in Sources */ = {isa = PBXBuildFile; fileRef = A1F1237727FE4FF400657AF4 /* TestimonialsService.swift */; };
		A1FB4ECB27E2130600B6258A /* AppDelegate.swift in Sources */ = {isa = PBXBuildFile; fileRef = A1FB4ECA27E2130600B6258A /* AppDelegate.swift */; };
		A1FB4ECD27E2130600B6258A /* SceneDelegate.swift in Sources */ = {isa = PBXBuildFile; fileRef = A1FB4ECC27E2130600B6258A /* SceneDelegate.swift */; };
		A1FB4ED427E2130B00B6258A /* Assets.xcassets in Resources */ = {isa = PBXBuildFile; fileRef = A1FB4ED327E2130B00B6258A /* Assets.xcassets */; };
		A1FB4ED727E2130B00B6258A /* LaunchScreen.storyboard in Resources */ = {isa = PBXBuildFile; fileRef = A1FB4ED527E2130B00B6258A /* LaunchScreen.storyboard */; };
		A88F1AFE27F396860062608D /* SplashViewController.swift in Sources */ = {isa = PBXBuildFile; fileRef = A88F1AFC27F396860062608D /* SplashViewController.swift */; };
		A88F1AFF27F396860062608D /* SplashViewController.xib in Resources */ = {isa = PBXBuildFile; fileRef = A88F1AFD27F396860062608D /* SplashViewController.xib */; };
		A8C466F427EAD3AF00A2DDBE /* LogInViewModel.swift in Sources */ = {isa = PBXBuildFile; fileRef = A8C466F327EAD3AF00A2DDBE /* LogInViewModel.swift */; };
		DDF5BD5ADB8EBD72D0E74F23 /* Pods_SomosMasApp.framework in Frameworks */ = {isa = PBXBuildFile; fileRef = 068B0C749B83A70577D74FBF /* Pods_SomosMasApp.framework */; };
		FB46181527EB528E00DBE262 /* NewUser.swift in Sources */ = {isa = PBXBuildFile; fileRef = FB46181427EB528E00DBE262 /* NewUser.swift */; };
		FB46181727EB52AD00DBE262 /* UserRegisterResponse.swift in Sources */ = {isa = PBXBuildFile; fileRef = FB46181627EB52AD00DBE262 /* UserRegisterResponse.swift */; };
		FB46181A27EB53EF00DBE262 /* RegisterUserService.swift in Sources */ = {isa = PBXBuildFile; fileRef = FB46181927EB53EF00DBE262 /* RegisterUserService.swift */; };
		FB7B6C3C2800B71000D1765C /* Spinner.swift in Sources */ = {isa = PBXBuildFile; fileRef = FB7B6C3B2800B71000D1765C /* Spinner.swift */; };
		FB87DBCE27E3C86F001F1F97 /* ApiManager.swift in Sources */ = {isa = PBXBuildFile; fileRef = FB87DBCD27E3C86F001F1F97 /* ApiManager.swift */; };
		FBC030C927F48362006BDE08 /* HomeCollectionViewCell.swift in Sources */ = {isa = PBXBuildFile; fileRef = FBC030C827F48362006BDE08 /* HomeCollectionViewCell.swift */; };
		FBC030CB27F4837B006BDE08 /* HomeCollectionViewCell.xib in Resources */ = {isa = PBXBuildFile; fileRef = FBC030CA27F4837B006BDE08 /* HomeCollectionViewCell.xib */; };
		FBCC597E2804AADD0041D9CA /* NewsViewController.swift in Sources */ = {isa = PBXBuildFile; fileRef = FBCC597A2804AADD0041D9CA /* NewsViewController.swift */; };
		FBCC597F2804AADD0041D9CA /* NewsViewController.xib in Resources */ = {isa = PBXBuildFile; fileRef = FBCC597C2804AADD0041D9CA /* NewsViewController.xib */; };
/* End PBXBuildFile section */

/* Begin PBXFileReference section */
		068B0C749B83A70577D74FBF /* Pods_SomosMasApp.framework */ = {isa = PBXFileReference; explicitFileType = wrapper.framework; includeInIndex = 0; path = Pods_SomosMasApp.framework; sourceTree = BUILT_PRODUCTS_DIR; };
		8727FAF327EE999B004FAE80 /* LogInResponse.swift */ = {isa = PBXFileReference; lastKnownFileType = sourcecode.swift; path = LogInResponse.swift; sourceTree = "<group>"; };
		8727FAF627EE9A9E004FAE80 /* LoginModel.swift */ = {isa = PBXFileReference; lastKnownFileType = sourcecode.swift; path = LoginModel.swift; sourceTree = "<group>"; };
		874C5F232804DD1900ADA695 /* NewsService.swift */ = {isa = PBXFileReference; fileEncoding = 4; lastKnownFileType = sourcecode.swift; path = NewsService.swift; sourceTree = "<group>"; };
		874C5F252804DD3F00ADA695 /* NewsList.swift */ = {isa = PBXFileReference; fileEncoding = 4; lastKnownFileType = sourcecode.swift; path = NewsList.swift; sourceTree = "<group>"; };
		874C5F272804DD4600ADA695 /* NewsListResponse.swift */ = {isa = PBXFileReference; fileEncoding = 4; lastKnownFileType = sourcecode.swift; path = NewsListResponse.swift; sourceTree = "<group>"; };
		8794839D27FD3E980066B8F2 /* NewsCollectionViewCell.swift */ = {isa = PBXFileReference; fileEncoding = 4; lastKnownFileType = sourcecode.swift; path = NewsCollectionViewCell.swift; sourceTree = "<group>"; };
		8794839F27FD3EA10066B8F2 /* NewsCollectionViewCell.xib */ = {isa = PBXFileReference; fileEncoding = 4; lastKnownFileType = file.xib; path = NewsCollectionViewCell.xib; sourceTree = "<group>"; };
		87ABD46727EF85A100BC4441 /* LoginService.swift */ = {isa = PBXFileReference; lastKnownFileType = sourcecode.swift; path = LoginService.swift; sourceTree = "<group>"; };
		87CBCB0C27E9741F00C13180 /* Extensions.swift */ = {isa = PBXFileReference; fileEncoding = 4; lastKnownFileType = sourcecode.swift; path = Extensions.swift; sourceTree = "<group>"; };
		87CBCB0D27E9741F00C13180 /* Observable.swift */ = {isa = PBXFileReference; fileEncoding = 4; lastKnownFileType = sourcecode.swift; path = Observable.swift; sourceTree = "<group>"; };
		87CBCB1D27E974A900C13180 /* SignUpViewController.swift */ = {isa = PBXFileReference; fileEncoding = 4; lastKnownFileType = sourcecode.swift; path = SignUpViewController.swift; sourceTree = "<group>"; };
		87CBCB1F27E974A900C13180 /* SignUpViewController.xib */ = {isa = PBXFileReference; fileEncoding = 4; lastKnownFileType = file.xib; path = SignUpViewController.xib; sourceTree = "<group>"; };
		87CBCB2327E9752A00C13180 /* SignUpViewModel.swift */ = {isa = PBXFileReference; lastKnownFileType = sourcecode.swift; path = SignUpViewModel.swift; sourceTree = "<group>"; };
		87CDAC8727F3BB87006738D0 /* UserSession.swift */ = {isa = PBXFileReference; lastKnownFileType = sourcecode.swift; path = UserSession.swift; sourceTree = "<group>"; };
		9928782F2804A9C200928413 /* NosotrosCollectionViewCell.xib */ = {isa = PBXFileReference; fileEncoding = 4; lastKnownFileType = file.xib; path = NosotrosCollectionViewCell.xib; sourceTree = "<group>"; };
		992878302804A9C200928413 /* NosotrosViewController.xib */ = {isa = PBXFileReference; fileEncoding = 4; lastKnownFileType = file.xib; path = NosotrosViewController.xib; sourceTree = "<group>"; };
		992878332804A9CB00928413 /* NosotrosCollectionViewCell.swift */ = {isa = PBXFileReference; fileEncoding = 4; lastKnownFileType = sourcecode.swift; path = NosotrosCollectionViewCell.swift; sourceTree = "<group>"; };
		992878342804A9CB00928413 /* NosotrosViewController.swift */ = {isa = PBXFileReference; fileEncoding = 4; lastKnownFileType = sourcecode.swift; path = NosotrosViewController.swift; sourceTree = "<group>"; };
		995E4C5E27F1F7D100632693 /* HomeViewController.swift */ = {isa = PBXFileReference; lastKnownFileType = sourcecode.swift; path = HomeViewController.swift; sourceTree = "<group>"; };
		995E4C5F27F1F7D100632693 /* HomeViewController.xib */ = {isa = PBXFileReference; lastKnownFileType = file.xib; path = HomeViewController.xib; sourceTree = "<group>"; };
		9963492A27FDC7A300A463C9 /* ImageViewExtension.swift */ = {isa = PBXFileReference; fileEncoding = 4; lastKnownFileType = sourcecode.swift; path = ImageViewExtension.swift; sourceTree = "<group>"; };
		9963492C27FDC7BE00A463C9 /* HomeViewModel.swift */ = {isa = PBXFileReference; fileEncoding = 4; lastKnownFileType = sourcecode.swift; path = HomeViewModel.swift; sourceTree = "<group>"; };
		9963492E27FDC7CB00A463C9 /* SliderService.swift */ = {isa = PBXFileReference; fileEncoding = 4; lastKnownFileType = sourcecode.swift; path = SliderService.swift; sourceTree = "<group>"; };
		9963493027FDC7DA00A463C9 /* SliderList.swift */ = {isa = PBXFileReference; fileEncoding = 4; lastKnownFileType = sourcecode.swift; path = SliderList.swift; sourceTree = "<group>"; };
		9963493127FDC7DA00A463C9 /* SliderListResponse.swift */ = {isa = PBXFileReference; fileEncoding = 4; lastKnownFileType = sourcecode.swift; path = SliderListResponse.swift; sourceTree = "<group>"; };
		9993882627F0D190009B596B /* TabBarViewController.swift */ = {isa = PBXFileReference; fileEncoding = 4; lastKnownFileType = sourcecode.swift; path = TabBarViewController.swift; sourceTree = "<group>"; };
		A136142E280E228700B45CB1 /* NosotrosList.swift */ = {isa = PBXFileReference; fileEncoding = 4; lastKnownFileType = sourcecode.swift; path = NosotrosList.swift; sourceTree = "<group>"; };
		A136142F280E228800B45CB1 /* NosotrosListResponse.swift */ = {isa = PBXFileReference; fileEncoding = 4; lastKnownFileType = sourcecode.swift; path = NosotrosListResponse.swift; sourceTree = "<group>"; };
		A1361433280E22A700B45CB1 /* NosotrosService.swift */ = {isa = PBXFileReference; fileEncoding = 4; lastKnownFileType = sourcecode.swift; path = NosotrosService.swift; sourceTree = "<group>"; };
		A1361436280E22B600B45CB1 /* NosotrosViewModel.swift */ = {isa = PBXFileReference; fileEncoding = 4; lastKnownFileType = sourcecode.swift; path = NosotrosViewModel.swift; sourceTree = "<group>"; };
		A1DC72B027EA260B00D9D16C /* logInViewController.swift */ = {isa = PBXFileReference; fileEncoding = 4; lastKnownFileType = sourcecode.swift; path = logInViewController.swift; sourceTree = "<group>"; };
		A1DC72B227EA260B00D9D16C /* logInView.xib */ = {isa = PBXFileReference; fileEncoding = 4; lastKnownFileType = file.xib; path = logInView.xib; sourceTree = "<group>"; };
		A1F1236B27F72CA000657AF4 /* TestimonialsCollectionViewCell.swift */ = {isa = PBXFileReference; lastKnownFileType = sourcecode.swift; path = TestimonialsCollectionViewCell.swift; sourceTree = "<group>"; };
		A1F1236C27F72CA000657AF4 /* TestimonialsCollectionViewCell.xib */ = {isa = PBXFileReference; lastKnownFileType = file.xib; path = TestimonialsCollectionViewCell.xib; sourceTree = "<group>"; };
		A1F1236F27FCDA8100657AF4 /* SeeMoreCollectionViewCell.swift */ = {isa = PBXFileReference; lastKnownFileType = sourcecode.swift; path = SeeMoreCollectionViewCell.swift; sourceTree = "<group>"; };
		A1F1237027FCDA8100657AF4 /* SeeMoreCollectionViewCell.xib */ = {isa = PBXFileReference; lastKnownFileType = file.xib; path = SeeMoreCollectionViewCell.xib; sourceTree = "<group>"; };
		A1F1237327FE4EE300657AF4 /* TestimonialsList.swift */ = {isa = PBXFileReference; lastKnownFileType = sourcecode.swift; path = TestimonialsList.swift; sourceTree = "<group>"; };
		A1F1237527FE4F5400657AF4 /* TestimonialsListResponse.swift */ = {isa = PBXFileReference; lastKnownFileType = sourcecode.swift; path = TestimonialsListResponse.swift; sourceTree = "<group>"; };
		A1F1237727FE4FF400657AF4 /* TestimonialsService.swift */ = {isa = PBXFileReference; lastKnownFileType = sourcecode.swift; path = TestimonialsService.swift; sourceTree = "<group>"; };
		A1FB4EC727E2130600B6258A /* SomosMasApp.app */ = {isa = PBXFileReference; explicitFileType = wrapper.application; includeInIndex = 0; path = SomosMasApp.app; sourceTree = BUILT_PRODUCTS_DIR; };
		A1FB4ECA27E2130600B6258A /* AppDelegate.swift */ = {isa = PBXFileReference; lastKnownFileType = sourcecode.swift; path = AppDelegate.swift; sourceTree = "<group>"; };
		A1FB4ECC27E2130600B6258A /* SceneDelegate.swift */ = {isa = PBXFileReference; lastKnownFileType = sourcecode.swift; path = SceneDelegate.swift; sourceTree = "<group>"; };
		A1FB4ED327E2130B00B6258A /* Assets.xcassets */ = {isa = PBXFileReference; lastKnownFileType = folder.assetcatalog; path = Assets.xcassets; sourceTree = "<group>"; };
		A1FB4ED627E2130B00B6258A /* Base */ = {isa = PBXFileReference; lastKnownFileType = file.storyboard; name = Base; path = Base.lproj/LaunchScreen.storyboard; sourceTree = "<group>"; };
		A1FB4ED827E2130B00B6258A /* Info.plist */ = {isa = PBXFileReference; lastKnownFileType = text.plist.xml; path = Info.plist; sourceTree = "<group>"; };
		A88F1AFC27F396860062608D /* SplashViewController.swift */ = {isa = PBXFileReference; lastKnownFileType = sourcecode.swift; path = SplashViewController.swift; sourceTree = "<group>"; };
		A88F1AFD27F396860062608D /* SplashViewController.xib */ = {isa = PBXFileReference; lastKnownFileType = file.xib; path = SplashViewController.xib; sourceTree = "<group>"; };
		A8C466F327EAD3AF00A2DDBE /* LogInViewModel.swift */ = {isa = PBXFileReference; lastKnownFileType = sourcecode.swift; path = LogInViewModel.swift; sourceTree = "<group>"; };
		B9E3374CE651B6E05431D41C /* Pods-SomosMasApp.debug.xcconfig */ = {isa = PBXFileReference; includeInIndex = 1; lastKnownFileType = text.xcconfig; name = "Pods-SomosMasApp.debug.xcconfig"; path = "Target Support Files/Pods-SomosMasApp/Pods-SomosMasApp.debug.xcconfig"; sourceTree = "<group>"; };
		B9F4BCA7CE019643862D60A3 /* Pods-SomosMasApp.release.xcconfig */ = {isa = PBXFileReference; includeInIndex = 1; lastKnownFileType = text.xcconfig; name = "Pods-SomosMasApp.release.xcconfig"; path = "Target Support Files/Pods-SomosMasApp/Pods-SomosMasApp.release.xcconfig"; sourceTree = "<group>"; };
		FB46181427EB528E00DBE262 /* NewUser.swift */ = {isa = PBXFileReference; lastKnownFileType = sourcecode.swift; path = NewUser.swift; sourceTree = "<group>"; };
		FB46181627EB52AD00DBE262 /* UserRegisterResponse.swift */ = {isa = PBXFileReference; lastKnownFileType = sourcecode.swift; path = UserRegisterResponse.swift; sourceTree = "<group>"; };
		FB46181927EB53EF00DBE262 /* RegisterUserService.swift */ = {isa = PBXFileReference; lastKnownFileType = sourcecode.swift; path = RegisterUserService.swift; sourceTree = "<group>"; };
		FB7B6C3B2800B71000D1765C /* Spinner.swift */ = {isa = PBXFileReference; lastKnownFileType = sourcecode.swift; path = Spinner.swift; sourceTree = "<group>"; };
		FB87DBCD27E3C86F001F1F97 /* ApiManager.swift */ = {isa = PBXFileReference; lastKnownFileType = sourcecode.swift; path = ApiManager.swift; sourceTree = "<group>"; };
		FBC030C827F48362006BDE08 /* HomeCollectionViewCell.swift */ = {isa = PBXFileReference; fileEncoding = 4; lastKnownFileType = sourcecode.swift; path = HomeCollectionViewCell.swift; sourceTree = "<group>"; };
		FBC030CA27F4837B006BDE08 /* HomeCollectionViewCell.xib */ = {isa = PBXFileReference; fileEncoding = 4; lastKnownFileType = file.xib; path = HomeCollectionViewCell.xib; sourceTree = "<group>"; };
		FBCC597A2804AADD0041D9CA /* NewsViewController.swift */ = {isa = PBXFileReference; fileEncoding = 4; lastKnownFileType = sourcecode.swift; path = NewsViewController.swift; sourceTree = "<group>"; };
		FBCC597C2804AADD0041D9CA /* NewsViewController.xib */ = {isa = PBXFileReference; fileEncoding = 4; lastKnownFileType = file.xib; path = NewsViewController.xib; sourceTree = "<group>"; };
/* End PBXFileReference section */

/* Begin PBXFrameworksBuildPhase section */
		A1FB4EC427E2130600B6258A /* Frameworks */ = {
			isa = PBXFrameworksBuildPhase;
			buildActionMask = 2147483647;
			files = (
				DDF5BD5ADB8EBD72D0E74F23 /* Pods_SomosMasApp.framework in Frameworks */,
			);
			runOnlyForDeploymentPostprocessing = 0;
		};
/* End PBXFrameworksBuildPhase section */

/* Begin PBXGroup section */
		8727FAF227EE9976004FAE80 /* Service */ = {
			isa = PBXGroup;
			children = (
				87ABD46727EF85A100BC4441 /* LoginService.swift */,
			);
			path = Service;
			sourceTree = "<group>";
		};
		87CBCB0B27E9741F00C13180 /* Extensions */ = {
			isa = PBXGroup;
			children = (
				9963492A27FDC7A300A463C9 /* ImageViewExtension.swift */,
				87CBCB0C27E9741F00C13180 /* Extensions.swift */,
				87CBCB0D27E9741F00C13180 /* Observable.swift */,
				FB7B6C3B2800B71000D1765C /* Spinner.swift */,
			);
			path = Extensions;
			sourceTree = "<group>";
		};
		87CBCB1A27E974A900C13180 /* Modules */ = {
			isa = PBXGroup;
			children = (
				FBCC59772804AADD0041D9CA /* News */,
				A88F1AF927F396560062608D /* Splash */,
				A1F1270328047A5D00657AF4 /* Nosotros */,
				9993882827F0D1C4009B596B /* TabBar */,
				9993881B27F0D086009B596B /* Home */,
				A1DC72AE27EA260B00D9D16C /* LogIn */,
				87CBCB1B27E974A900C13180 /* SignUp */,
			);
			path = Modules;
			sourceTree = "<group>";
		};
		87CBCB1B27E974A900C13180 /* SignUp */ = {
			isa = PBXGroup;
			children = (
				FB46181827EB53D800DBE262 /* Service */,
				87CBCB2227E9751500C13180 /* ViewModel */,
				87CBCB1C27E974A900C13180 /* Controller */,
				87CBCB1E27E974A900C13180 /* View */,
			);
			path = SignUp;
			sourceTree = "<group>";
		};
		87CBCB1C27E974A900C13180 /* Controller */ = {
			isa = PBXGroup;
			children = (
				87CBCB1D27E974A900C13180 /* SignUpViewController.swift */,
			);
			path = Controller;
			sourceTree = "<group>";
		};
		87CBCB1E27E974A900C13180 /* View */ = {
			isa = PBXGroup;
			children = (
				87CBCB1F27E974A900C13180 /* SignUpViewController.xib */,
			);
			path = View;
			sourceTree = "<group>";
		};
		87CBCB2227E9751500C13180 /* ViewModel */ = {
			isa = PBXGroup;
			children = (
				87CBCB2327E9752A00C13180 /* SignUpViewModel.swift */,
			);
			path = ViewModel;
			sourceTree = "<group>";
		};
		9963492827FDC68700A463C9 /* Services */ = {
			isa = PBXGroup;
			children = (
				874C5F232804DD1900ADA695 /* NewsService.swift */,
				9963492E27FDC7CB00A463C9 /* SliderService.swift */,
				A1F1237727FE4FF400657AF4 /* TestimonialsService.swift */,
			);
			path = Services;
			sourceTree = "<group>";
		};
		9963492927FDC70E00A463C9 /* ViewModel */ = {
			isa = PBXGroup;
			children = (
				9963492C27FDC7BE00A463C9 /* HomeViewModel.swift */,
			);
			path = ViewModel;
			sourceTree = "<group>";
		};
		9993881B27F0D086009B596B /* Home */ = {
			isa = PBXGroup;
			children = (
				9963492927FDC70E00A463C9 /* ViewModel */,
				9963492827FDC68700A463C9 /* Services */,
				9993881E27F0D0B7009B596B /* Controller */,
				9993881C27F0D09B009B596B /* View */,
			);
			path = Home;
			sourceTree = "<group>";
		};
		9993881C27F0D09B009B596B /* View */ = {
			isa = PBXGroup;
			children = (
				8794839F27FD3EA10066B8F2 /* NewsCollectionViewCell.xib */,
				FBC030CA27F4837B006BDE08 /* HomeCollectionViewCell.xib */,
				A1F1236C27F72CA000657AF4 /* TestimonialsCollectionViewCell.xib */,
				A1F1237027FCDA8100657AF4 /* SeeMoreCollectionViewCell.xib */,
				995E4C5F27F1F7D100632693 /* HomeViewController.xib */,
			);
			path = View;
			sourceTree = "<group>";
		};
		9993881E27F0D0B7009B596B /* Controller */ = {
			isa = PBXGroup;
			children = (
				8794839D27FD3E980066B8F2 /* NewsCollectionViewCell.swift */,
				FBC030C827F48362006BDE08 /* HomeCollectionViewCell.swift */,
				995E4C5E27F1F7D100632693 /* HomeViewController.swift */,
				A1F1236B27F72CA000657AF4 /* TestimonialsCollectionViewCell.swift */,
				A1F1236F27FCDA8100657AF4 /* SeeMoreCollectionViewCell.swift */,
			);
			path = Controller;
			sourceTree = "<group>";
		};
		9993882827F0D1C4009B596B /* TabBar */ = {
			isa = PBXGroup;
			children = (
				9993882927F0D1CC009B596B /* ViewController */,
			);
			path = TabBar;
			sourceTree = "<group>";
		};
		9993882927F0D1CC009B596B /* ViewController */ = {
			isa = PBXGroup;
			children = (
				9993882627F0D190009B596B /* TabBarViewController.swift */,
			);
			path = ViewController;
			sourceTree = "<group>";
		};
		A1361432280E22A700B45CB1 /* Service */ = {
			isa = PBXGroup;
			children = (
				A1361433280E22A700B45CB1 /* NosotrosService.swift */,
			);
			path = Service;
			sourceTree = "<group>";
		};
		A1361435280E22B600B45CB1 /* ViewModel */ = {
			isa = PBXGroup;
			children = (
				A1361436280E22B600B45CB1 /* NosotrosViewModel.swift */,
			);
			path = ViewModel;
			sourceTree = "<group>";
		};
		A1DC72AE27EA260B00D9D16C /* LogIn */ = {
			isa = PBXGroup;
			children = (
				8727FAF227EE9976004FAE80 /* Service */,
				A8C466F227EAD39F00A2DDBE /* ViewModel */,
				A1DC72AF27EA260B00D9D16C /* Controller */,
				A1DC72B127EA260B00D9D16C /* View */,
			);
			path = LogIn;
			sourceTree = "<group>";
		};
		A1DC72AF27EA260B00D9D16C /* Controller */ = {
			isa = PBXGroup;
			children = (
				A1DC72B027EA260B00D9D16C /* logInViewController.swift */,
			);
			path = Controller;
			sourceTree = "<group>";
		};
		A1DC72B127EA260B00D9D16C /* View */ = {
			isa = PBXGroup;
			children = (
				A1DC72B227EA260B00D9D16C /* logInView.xib */,
			);
			path = View;
			sourceTree = "<group>";
		};
		A1F1270328047A5D00657AF4 /* Nosotros */ = {
			isa = PBXGroup;
			children = (
				A1361435280E22B600B45CB1 /* ViewModel */,
				A1361432280E22A700B45CB1 /* Service */,
				A1F1270428047A5D00657AF4 /* View */,
				A1F1270628047A5D00657AF4 /* ViewController */,
			);
			path = Nosotros;
			sourceTree = "<group>";
		};
		A1F1270428047A5D00657AF4 /* View */ = {
			isa = PBXGroup;
			children = (
				9928782F2804A9C200928413 /* NosotrosCollectionViewCell.xib */,
				992878302804A9C200928413 /* NosotrosViewController.xib */,
			);
			path = View;
			sourceTree = "<group>";
		};
		A1F1270628047A5D00657AF4 /* ViewController */ = {
			isa = PBXGroup;
			children = (
				992878332804A9CB00928413 /* NosotrosCollectionViewCell.swift */,
				992878342804A9CB00928413 /* NosotrosViewController.swift */,
			);
			path = ViewController;
			sourceTree = "<group>";
		};
		A1FB4EBE27E2130500B6258A = {
			isa = PBXGroup;
			children = (
				A1FB4EC927E2130600B6258A /* SomosMasApp */,
				A1FB4EC827E2130600B6258A /* Products */,
				EC0BB75C26EE7C328AD483C0 /* Pods */,
				ACF336B33AC58F6A29598080 /* Frameworks */,
			);
			sourceTree = "<group>";
		};
		A1FB4EC827E2130600B6258A /* Products */ = {
			isa = PBXGroup;
			children = (
				A1FB4EC727E2130600B6258A /* SomosMasApp.app */,
			);
			name = Products;
			sourceTree = "<group>";
		};
		A1FB4EC927E2130600B6258A /* SomosMasApp */ = {
			isa = PBXGroup;
			children = (
				FB0F37B627E28DBB004D3DB5 /* App */,
				A1FB4ECA27E2130600B6258A /* AppDelegate.swift */,
				A1FB4ECC27E2130600B6258A /* SceneDelegate.swift */,
				A1FB4ED327E2130B00B6258A /* Assets.xcassets */,
				A1FB4ED527E2130B00B6258A /* LaunchScreen.storyboard */,
				A1FB4ED827E2130B00B6258A /* Info.plist */,
			);
			path = SomosMasApp;
			sourceTree = "<group>";
		};
		A88F1AF927F396560062608D /* Splash */ = {
			isa = PBXGroup;
			children = (
				A88F1AFB27F3966A0062608D /* Controller */,
				A88F1AFA27F396640062608D /* View */,
			);
			path = Splash;
			sourceTree = "<group>";
		};
		A88F1AFA27F396640062608D /* View */ = {
			isa = PBXGroup;
			children = (
				A88F1AFD27F396860062608D /* SplashViewController.xib */,
			);
			path = View;
			sourceTree = "<group>";
		};
		A88F1AFB27F3966A0062608D /* Controller */ = {
			isa = PBXGroup;
			children = (
				A88F1AFC27F396860062608D /* SplashViewController.swift */,
			);
			path = Controller;
			sourceTree = "<group>";
		};
		A8C466F227EAD39F00A2DDBE /* ViewModel */ = {
			isa = PBXGroup;
			children = (
				A8C466F327EAD3AF00A2DDBE /* LogInViewModel.swift */,
			);
			path = ViewModel;
			sourceTree = "<group>";
		};
		ACF336B33AC58F6A29598080 /* Frameworks */ = {
			isa = PBXGroup;
			children = (
				068B0C749B83A70577D74FBF /* Pods_SomosMasApp.framework */,
			);
			name = Frameworks;
			sourceTree = "<group>";
		};
		EC0BB75C26EE7C328AD483C0 /* Pods */ = {
			isa = PBXGroup;
			children = (
				B9E3374CE651B6E05431D41C /* Pods-SomosMasApp.debug.xcconfig */,
				B9F4BCA7CE019643862D60A3 /* Pods-SomosMasApp.release.xcconfig */,
			);
			path = Pods;
			sourceTree = "<group>";
		};
		FB0F37B627E28DBB004D3DB5 /* App */ = {
			isa = PBXGroup;
			children = (
				87CBCB0B27E9741F00C13180 /* Extensions */,
				FB0F37B727E28DCF004D3DB5 /* Shared */,
			);
			path = App;
			sourceTree = "<group>";
		};
		FB0F37B727E28DCF004D3DB5 /* Shared */ = {
			isa = PBXGroup;
			children = (
				FB46181327EB522500DBE262 /* Models */,
				87CBCB1A27E974A900C13180 /* Modules */,
				FB0F37BA27E28DF1004D3DB5 /* Networking */,
			);
			path = Shared;
			sourceTree = "<group>";
		};
		FB0F37BA27E28DF1004D3DB5 /* Networking */ = {
			isa = PBXGroup;
			children = (
				FB87DBCD27E3C86F001F1F97 /* ApiManager.swift */,
			);
			path = Networking;
			sourceTree = "<group>";
		};
		FB46181327EB522500DBE262 /* Models */ = {
			isa = PBXGroup;
			children = (
				A136142E280E228700B45CB1 /* NosotrosList.swift */,
				A136142F280E228800B45CB1 /* NosotrosListResponse.swift */,
				874C5F252804DD3F00ADA695 /* NewsList.swift */,
				874C5F272804DD4600ADA695 /* NewsListResponse.swift */,
				A1F1237327FE4EE300657AF4 /* TestimonialsList.swift */,
				A1F1237527FE4F5400657AF4 /* TestimonialsListResponse.swift */,
				9963493027FDC7DA00A463C9 /* SliderList.swift */,
				9963493127FDC7DA00A463C9 /* SliderListResponse.swift */,
				FB46181427EB528E00DBE262 /* NewUser.swift */,
				FB46181627EB52AD00DBE262 /* UserRegisterResponse.swift */,
				8727FAF627EE9A9E004FAE80 /* LoginModel.swift */,
				8727FAF327EE999B004FAE80 /* LogInResponse.swift */,
				87CDAC8727F3BB87006738D0 /* UserSession.swift */,
			);
			path = Models;
			sourceTree = "<group>";
		};
		FB46181827EB53D800DBE262 /* Service */ = {
			isa = PBXGroup;
			children = (
				FB46181927EB53EF00DBE262 /* RegisterUserService.swift */,
			);
			path = Service;
			sourceTree = "<group>";
		};
		FBCC59772804AADD0041D9CA /* News */ = {
			isa = PBXGroup;
			children = (
				FBCC59782804AADD0041D9CA /* ViewModel */,
				FBCC59792804AADD0041D9CA /* Controller */,
				FBCC597B2804AADD0041D9CA /* View */,
				FBCC597D2804AADD0041D9CA /* Services */,
			);
			path = News;
			sourceTree = "<group>";
		};
		FBCC59782804AADD0041D9CA /* ViewModel */ = {
			isa = PBXGroup;
			children = (
			);
			path = ViewModel;
			sourceTree = "<group>";
		};
		FBCC59792804AADD0041D9CA /* Controller */ = {
			isa = PBXGroup;
			children = (
				FBCC597A2804AADD0041D9CA /* NewsViewController.swift */,
			);
			path = Controller;
			sourceTree = "<group>";
		};
		FBCC597B2804AADD0041D9CA /* View */ = {
			isa = PBXGroup;
			children = (
				FBCC597C2804AADD0041D9CA /* NewsViewController.xib */,
			);
			path = View;
			sourceTree = "<group>";
		};
		FBCC597D2804AADD0041D9CA /* Services */ = {
			isa = PBXGroup;
			children = (
			);
			path = Services;
			sourceTree = "<group>";
		};
/* End PBXGroup section */

/* Begin PBXNativeTarget section */
		A1FB4EC627E2130600B6258A /* SomosMasApp */ = {
			isa = PBXNativeTarget;
			buildConfigurationList = A1FB4EDB27E2130B00B6258A /* Build configuration list for PBXNativeTarget "SomosMasApp" */;
			buildPhases = (
				8C6D1CA91BEC994999AB30C2 /* [CP] Check Pods Manifest.lock */,
				A1FB4EC327E2130600B6258A /* Sources */,
				A1FB4EC427E2130600B6258A /* Frameworks */,
				A1FB4EC527E2130600B6258A /* Resources */,
				BC1A9C1F2EC54E76C03CAB0E /* [CP] Embed Pods Frameworks */,
			);
			buildRules = (
			);
			dependencies = (
			);
			name = SomosMasApp;
			productName = SomosMasApp;
			productReference = A1FB4EC727E2130600B6258A /* SomosMasApp.app */;
			productType = "com.apple.product-type.application";
		};
/* End PBXNativeTarget section */

/* Begin PBXProject section */
		A1FB4EBF27E2130500B6258A /* Project object */ = {
			isa = PBXProject;
			attributes = {
				BuildIndependentTargetsInParallel = 1;
				LastSwiftUpdateCheck = 1330;
				LastUpgradeCheck = 1330;
				TargetAttributes = {
					A1FB4EC627E2130600B6258A = {
						CreatedOnToolsVersion = 13.3;
					};
				};
			};
			buildConfigurationList = A1FB4EC227E2130500B6258A /* Build configuration list for PBXProject "SomosMasApp" */;
			compatibilityVersion = "Xcode 13.0";
			developmentRegion = en;
			hasScannedForEncodings = 0;
			knownRegions = (
				en,
				Base,
			);
			mainGroup = A1FB4EBE27E2130500B6258A;
			productRefGroup = A1FB4EC827E2130600B6258A /* Products */;
			projectDirPath = "";
			projectRoot = "";
			targets = (
				A1FB4EC627E2130600B6258A /* SomosMasApp */,
			);
		};
/* End PBXProject section */

/* Begin PBXResourcesBuildPhase section */
		A1FB4EC527E2130600B6258A /* Resources */ = {
			isa = PBXResourcesBuildPhase;
			buildActionMask = 2147483647;
			files = (
				A1FB4ED727E2130B00B6258A /* LaunchScreen.storyboard in Resources */,
				A1FB4ED427E2130B00B6258A /* Assets.xcassets in Resources */,
				995E4C6127F1F7D100632693 /* HomeViewController.xib in Resources */,
				FBC030CB27F4837B006BDE08 /* HomeCollectionViewCell.xib in Resources */,
				A1F1236E27F72CA100657AF4 /* TestimonialsCollectionViewCell.xib in Resources */,
				992878322804A9C200928413 /* NosotrosViewController.xib in Resources */,
				992878312804A9C200928413 /* NosotrosCollectionViewCell.xib in Resources */,
				A88F1AFF27F396860062608D /* SplashViewController.xib in Resources */,
				A1DC72B427EA260B00D9D16C /* logInView.xib in Resources */,
				A1F1237227FCDA8100657AF4 /* SeeMoreCollectionViewCell.xib in Resources */,
				87CBCB2127E974A900C13180 /* SignUpViewController.xib in Resources */,
				879483A027FD3EA10066B8F2 /* NewsCollectionViewCell.xib in Resources */,
				FBCC597F2804AADD0041D9CA /* NewsViewController.xib in Resources */,
			);
			runOnlyForDeploymentPostprocessing = 0;
		};
/* End PBXResourcesBuildPhase section */

/* Begin PBXShellScriptBuildPhase section */
		8C6D1CA91BEC994999AB30C2 /* [CP] Check Pods Manifest.lock */ = {
			isa = PBXShellScriptBuildPhase;
			buildActionMask = 2147483647;
			files = (
			);
			inputFileListPaths = (
			);
			inputPaths = (
				"${PODS_PODFILE_DIR_PATH}/Podfile.lock",
				"${PODS_ROOT}/Manifest.lock",
			);
			name = "[CP] Check Pods Manifest.lock";
			outputFileListPaths = (
			);
			outputPaths = (
				"$(DERIVED_FILE_DIR)/Pods-SomosMasApp-checkManifestLockResult.txt",
			);
			runOnlyForDeploymentPostprocessing = 0;
			shellPath = /bin/sh;
			shellScript = "diff \"${PODS_PODFILE_DIR_PATH}/Podfile.lock\" \"${PODS_ROOT}/Manifest.lock\" > /dev/null\nif [ $? != 0 ] ; then\n    # print error to STDERR\n    echo \"error: The sandbox is not in sync with the Podfile.lock. Run 'pod install' or update your CocoaPods installation.\" >&2\n    exit 1\nfi\n# This output is used by Xcode 'outputs' to avoid re-running this script phase.\necho \"SUCCESS\" > \"${SCRIPT_OUTPUT_FILE_0}\"\n";
			showEnvVarsInLog = 0;
		};
		BC1A9C1F2EC54E76C03CAB0E /* [CP] Embed Pods Frameworks */ = {
			isa = PBXShellScriptBuildPhase;
			buildActionMask = 2147483647;
			files = (
			);
			inputFileListPaths = (
				"${PODS_ROOT}/Target Support Files/Pods-SomosMasApp/Pods-SomosMasApp-frameworks-${CONFIGURATION}-input-files.xcfilelist",
			);
			name = "[CP] Embed Pods Frameworks";
			outputFileListPaths = (
				"${PODS_ROOT}/Target Support Files/Pods-SomosMasApp/Pods-SomosMasApp-frameworks-${CONFIGURATION}-output-files.xcfilelist",
			);
			runOnlyForDeploymentPostprocessing = 0;
			shellPath = /bin/sh;
			shellScript = "\"${PODS_ROOT}/Target Support Files/Pods-SomosMasApp/Pods-SomosMasApp-frameworks.sh\"\n";
			showEnvVarsInLog = 0;
		};
/* End PBXShellScriptBuildPhase section */

/* Begin PBXSourcesBuildPhase section */
		A1FB4EC327E2130600B6258A /* Sources */ = {
			isa = PBXSourcesBuildPhase;
			buildActionMask = 2147483647;
			files = (
				8727FAF727EE9A9E004FAE80 /* LoginModel.swift in Sources */,
				A1F1237827FE4FF500657AF4 /* TestimonialsService.swift in Sources */,
				8727FAF427EE999B004FAE80 /* LogInResponse.swift in Sources */,
				9963492F27FDC7CC00A463C9 /* SliderService.swift in Sources */,
				FBC030C927F48362006BDE08 /* HomeCollectionViewCell.swift in Sources */,
				FB87DBCE27E3C86F001F1F97 /* ApiManager.swift in Sources */,
				A1DC72B327EA260B00D9D16C /* logInViewController.swift in Sources */,
				A1361431280E228800B45CB1 /* NosotrosListResponse.swift in Sources */,
				87CBCB0E27E9741F00C13180 /* Extensions.swift in Sources */,
				A88F1AFE27F396860062608D /* SplashViewController.swift in Sources */,
				A1F1237127FCDA8100657AF4 /* SeeMoreCollectionViewCell.swift in Sources */,
				874C5F262804DD3F00ADA695 /* NewsList.swift in Sources */,
				87CBCB2427E9752A00C13180 /* SignUpViewModel.swift in Sources */,
				FB46181A27EB53EF00DBE262 /* RegisterUserService.swift in Sources */,
				87ABD46827EF85A100BC4441 /* LoginService.swift in Sources */,
				A1F1237627FE4F5400657AF4 /* TestimonialsListResponse.swift in Sources */,
				87CDAC8827F3BB87006738D0 /* UserSession.swift in Sources */,
				A1361434280E22A800B45CB1 /* NosotrosService.swift in Sources */,
				FBCC597E2804AADD0041D9CA /* NewsViewController.swift in Sources */,
				995E4C6027F1F7D100632693 /* HomeViewController.swift in Sources */,
				FB46181727EB52AD00DBE262 /* UserRegisterResponse.swift in Sources */,
				992878362804A9CB00928413 /* NosotrosViewController.swift in Sources */,
				87CBCB2027E974A900C13180 /* SignUpViewController.swift in Sources */,
				992878352804A9CB00928413 /* NosotrosCollectionViewCell.swift in Sources */,
				A8C466F427EAD3AF00A2DDBE /* LogInViewModel.swift in Sources */,
				A1F1236D27F72CA100657AF4 /* TestimonialsCollectionViewCell.swift in Sources */,
				874C5F282804DD4600ADA695 /* NewsListResponse.swift in Sources */,
				874C5F242804DD1900ADA695 /* NewsService.swift in Sources */,
				9963493227FDC7DA00A463C9 /* SliderList.swift in Sources */,
				FB7B6C3C2800B71000D1765C /* Spinner.swift in Sources */,
				9963492B27FDC7A300A463C9 /* ImageViewExtension.swift in Sources */,
				A1361437280E22B700B45CB1 /* NosotrosViewModel.swift in Sources */,
				87CBCB0F27E9741F00C13180 /* Observable.swift in Sources */,
				FB46181527EB528E00DBE262 /* NewUser.swift in Sources */,
				8794839E27FD3E980066B8F2 /* NewsCollectionViewCell.swift in Sources */,
				9963492D27FDC7BE00A463C9 /* HomeViewModel.swift in Sources */,
				A1361430280E228800B45CB1 /* NosotrosList.swift in Sources */,
				A1F1237427FE4EE300657AF4 /* TestimonialsList.swift in Sources */,
				A1FB4ECB27E2130600B6258A /* AppDelegate.swift in Sources */,
				9993882727F0D190009B596B /* TabBarViewController.swift in Sources */,
				A1FB4ECD27E2130600B6258A /* SceneDelegate.swift in Sources */,
				9963493327FDC7DA00A463C9 /* SliderListResponse.swift in Sources */,
			);
			runOnlyForDeploymentPostprocessing = 0;
		};
/* End PBXSourcesBuildPhase section */

/* Begin PBXVariantGroup section */
		A1FB4ED527E2130B00B6258A /* LaunchScreen.storyboard */ = {
			isa = PBXVariantGroup;
			children = (
				A1FB4ED627E2130B00B6258A /* Base */,
			);
			name = LaunchScreen.storyboard;
			sourceTree = "<group>";
		};
/* End PBXVariantGroup section */

/* Begin XCBuildConfiguration section */
		A1FB4ED927E2130B00B6258A /* Debug */ = {
			isa = XCBuildConfiguration;
			buildSettings = {
				ALWAYS_SEARCH_USER_PATHS = NO;
				CLANG_ANALYZER_NONNULL = YES;
				CLANG_ANALYZER_NUMBER_OBJECT_CONVERSION = YES_AGGRESSIVE;
				CLANG_CXX_LANGUAGE_STANDARD = "gnu++17";
				CLANG_ENABLE_MODULES = YES;
				CLANG_ENABLE_OBJC_ARC = YES;
				CLANG_ENABLE_OBJC_WEAK = YES;
				CLANG_WARN_BLOCK_CAPTURE_AUTORELEASING = YES;
				CLANG_WARN_BOOL_CONVERSION = YES;
				CLANG_WARN_COMMA = YES;
				CLANG_WARN_CONSTANT_CONVERSION = YES;
				CLANG_WARN_DEPRECATED_OBJC_IMPLEMENTATIONS = YES;
				CLANG_WARN_DIRECT_OBJC_ISA_USAGE = YES_ERROR;
				CLANG_WARN_DOCUMENTATION_COMMENTS = YES;
				CLANG_WARN_EMPTY_BODY = YES;
				CLANG_WARN_ENUM_CONVERSION = YES;
				CLANG_WARN_INFINITE_RECURSION = YES;
				CLANG_WARN_INT_CONVERSION = YES;
				CLANG_WARN_NON_LITERAL_NULL_CONVERSION = YES;
				CLANG_WARN_OBJC_IMPLICIT_RETAIN_SELF = YES;
				CLANG_WARN_OBJC_LITERAL_CONVERSION = YES;
				CLANG_WARN_OBJC_ROOT_CLASS = YES_ERROR;
				CLANG_WARN_QUOTED_INCLUDE_IN_FRAMEWORK_HEADER = YES;
				CLANG_WARN_RANGE_LOOP_ANALYSIS = YES;
				CLANG_WARN_STRICT_PROTOTYPES = YES;
				CLANG_WARN_SUSPICIOUS_MOVE = YES;
				CLANG_WARN_UNGUARDED_AVAILABILITY = YES_AGGRESSIVE;
				CLANG_WARN_UNREACHABLE_CODE = YES;
				CLANG_WARN__DUPLICATE_METHOD_MATCH = YES;
				COPY_PHASE_STRIP = NO;
				DEBUG_INFORMATION_FORMAT = dwarf;
				DEVELOPMENT_TEAM = D5823NB5DM;
				ENABLE_STRICT_OBJC_MSGSEND = YES;
				ENABLE_TESTABILITY = YES;
				GCC_C_LANGUAGE_STANDARD = gnu11;
				GCC_DYNAMIC_NO_PIC = NO;
				GCC_NO_COMMON_BLOCKS = YES;
				GCC_OPTIMIZATION_LEVEL = 0;
				GCC_PREPROCESSOR_DEFINITIONS = (
					"DEBUG=1",
					"$(inherited)",
				);
				GCC_WARN_64_TO_32_BIT_CONVERSION = YES;
				GCC_WARN_ABOUT_RETURN_TYPE = YES_ERROR;
				GCC_WARN_UNDECLARED_SELECTOR = YES;
				GCC_WARN_UNINITIALIZED_AUTOS = YES_AGGRESSIVE;
				GCC_WARN_UNUSED_FUNCTION = YES;
				GCC_WARN_UNUSED_VARIABLE = YES;
				IPHONEOS_DEPLOYMENT_TARGET = 15.0;
				MTL_ENABLE_DEBUG_INFO = INCLUDE_SOURCE;
				MTL_FAST_MATH = YES;
				ONLY_ACTIVE_ARCH = YES;
				SDKROOT = iphoneos;
				SWIFT_ACTIVE_COMPILATION_CONDITIONS = DEBUG;
				SWIFT_OPTIMIZATION_LEVEL = "-Onone";
				WEBSERVICE_URL = "";
			};
			name = Debug;
		};
		A1FB4EDA27E2130B00B6258A /* Release */ = {
			isa = XCBuildConfiguration;
			buildSettings = {
				ALWAYS_SEARCH_USER_PATHS = NO;
				CLANG_ANALYZER_NONNULL = YES;
				CLANG_ANALYZER_NUMBER_OBJECT_CONVERSION = YES_AGGRESSIVE;
				CLANG_CXX_LANGUAGE_STANDARD = "gnu++17";
				CLANG_ENABLE_MODULES = YES;
				CLANG_ENABLE_OBJC_ARC = YES;
				CLANG_ENABLE_OBJC_WEAK = YES;
				CLANG_WARN_BLOCK_CAPTURE_AUTORELEASING = YES;
				CLANG_WARN_BOOL_CONVERSION = YES;
				CLANG_WARN_COMMA = YES;
				CLANG_WARN_CONSTANT_CONVERSION = YES;
				CLANG_WARN_DEPRECATED_OBJC_IMPLEMENTATIONS = YES;
				CLANG_WARN_DIRECT_OBJC_ISA_USAGE = YES_ERROR;
				CLANG_WARN_DOCUMENTATION_COMMENTS = YES;
				CLANG_WARN_EMPTY_BODY = YES;
				CLANG_WARN_ENUM_CONVERSION = YES;
				CLANG_WARN_INFINITE_RECURSION = YES;
				CLANG_WARN_INT_CONVERSION = YES;
				CLANG_WARN_NON_LITERAL_NULL_CONVERSION = YES;
				CLANG_WARN_OBJC_IMPLICIT_RETAIN_SELF = YES;
				CLANG_WARN_OBJC_LITERAL_CONVERSION = YES;
				CLANG_WARN_OBJC_ROOT_CLASS = YES_ERROR;
				CLANG_WARN_QUOTED_INCLUDE_IN_FRAMEWORK_HEADER = YES;
				CLANG_WARN_RANGE_LOOP_ANALYSIS = YES;
				CLANG_WARN_STRICT_PROTOTYPES = YES;
				CLANG_WARN_SUSPICIOUS_MOVE = YES;
				CLANG_WARN_UNGUARDED_AVAILABILITY = YES_AGGRESSIVE;
				CLANG_WARN_UNREACHABLE_CODE = YES;
				CLANG_WARN__DUPLICATE_METHOD_MATCH = YES;
				COPY_PHASE_STRIP = NO;
				DEBUG_INFORMATION_FORMAT = "dwarf-with-dsym";
				DEVELOPMENT_TEAM = D5823NB5DM;
				ENABLE_NS_ASSERTIONS = NO;
				ENABLE_STRICT_OBJC_MSGSEND = YES;
				GCC_C_LANGUAGE_STANDARD = gnu11;
				GCC_NO_COMMON_BLOCKS = YES;
				GCC_WARN_64_TO_32_BIT_CONVERSION = YES;
				GCC_WARN_ABOUT_RETURN_TYPE = YES_ERROR;
				GCC_WARN_UNDECLARED_SELECTOR = YES;
				GCC_WARN_UNINITIALIZED_AUTOS = YES_AGGRESSIVE;
				GCC_WARN_UNUSED_FUNCTION = YES;
				GCC_WARN_UNUSED_VARIABLE = YES;
				IPHONEOS_DEPLOYMENT_TARGET = 15.0;
				MTL_ENABLE_DEBUG_INFO = NO;
				MTL_FAST_MATH = YES;
				SDKROOT = iphoneos;
				SWIFT_COMPILATION_MODE = wholemodule;
				SWIFT_OPTIMIZATION_LEVEL = "-O";
				VALIDATE_PRODUCT = YES;
				WEBSERVICE_URL = "";
			};
			name = Release;
		};
		A1FB4EDC27E2130B00B6258A /* Debug */ = {
			isa = XCBuildConfiguration;
			baseConfigurationReference = B9E3374CE651B6E05431D41C /* Pods-SomosMasApp.debug.xcconfig */;
			buildSettings = {
				ASSETCATALOG_COMPILER_APPICON_NAME = AppIcon;
				ASSETCATALOG_COMPILER_GLOBAL_ACCENT_COLOR_NAME = AccentColor;
				CODE_SIGN_IDENTITY = "Apple Development";
				CODE_SIGN_STYLE = Automatic;
				CURRENT_PROJECT_VERSION = 1;
				DEVELOPMENT_TEAM = D5823NB5DM;
				GENERATE_INFOPLIST_FILE = YES;
				INFOPLIST_FILE = SomosMasApp/Info.plist;
				INFOPLIST_KEY_UIApplicationSupportsIndirectInputEvents = YES;
				INFOPLIST_KEY_UILaunchStoryboardName = LaunchScreen;
				INFOPLIST_KEY_UISupportedInterfaceOrientations = UIInterfaceOrientationPortrait;
				INFOPLIST_KEY_UISupportedInterfaceOrientations_iPad = "UIInterfaceOrientationPortrait UIInterfaceOrientationPortraitUpsideDown UIInterfaceOrientationLandscapeLeft UIInterfaceOrientationLandscapeRight";
				INFOPLIST_KEY_UISupportedInterfaceOrientations_iPhone = "UIInterfaceOrientationPortrait UIInterfaceOrientationLandscapeLeft UIInterfaceOrientationLandscapeRight";
				IPHONEOS_DEPLOYMENT_TARGET = 15.0;
				LD_RUNPATH_SEARCH_PATHS = (
					"$(inherited)",
					"@executable_path/Frameworks",
				);
				MARKETING_VERSION = 1.0;
				PRODUCT_BUNDLE_IDENTIFIER = Alkemy.SomosMasApp;
				PRODUCT_NAME = "$(TARGET_NAME)";
				PROVISIONING_PROFILE_SPECIFIER = "";
				SWIFT_EMIT_LOC_STRINGS = YES;
				SWIFT_VERSION = 5.0;
				TARGETED_DEVICE_FAMILY = "1,2";
				WEBSERVICE_URL = "https://ongapi.alkemy.org/";
			};
			name = Debug;
		};
		A1FB4EDD27E2130B00B6258A /* Release */ = {
			isa = XCBuildConfiguration;
			baseConfigurationReference = B9F4BCA7CE019643862D60A3 /* Pods-SomosMasApp.release.xcconfig */;
			buildSettings = {
				ASSETCATALOG_COMPILER_APPICON_NAME = AppIcon;
				ASSETCATALOG_COMPILER_GLOBAL_ACCENT_COLOR_NAME = AccentColor;
				CODE_SIGN_STYLE = Automatic;
				CURRENT_PROJECT_VERSION = 1;
				DEVELOPMENT_TEAM = D5823NB5DM;
				GENERATE_INFOPLIST_FILE = YES;
				INFOPLIST_FILE = SomosMasApp/Info.plist;
				INFOPLIST_KEY_UIApplicationSupportsIndirectInputEvents = YES;
				INFOPLIST_KEY_UILaunchStoryboardName = LaunchScreen;
				INFOPLIST_KEY_UISupportedInterfaceOrientations = UIInterfaceOrientationPortrait;
				INFOPLIST_KEY_UISupportedInterfaceOrientations_iPad = "UIInterfaceOrientationPortrait UIInterfaceOrientationPortraitUpsideDown UIInterfaceOrientationLandscapeLeft UIInterfaceOrientationLandscapeRight";
				INFOPLIST_KEY_UISupportedInterfaceOrientations_iPhone = "UIInterfaceOrientationPortrait UIInterfaceOrientationLandscapeLeft UIInterfaceOrientationLandscapeRight";
				IPHONEOS_DEPLOYMENT_TARGET = 15.0;
				LD_RUNPATH_SEARCH_PATHS = (
					"$(inherited)",
					"@executable_path/Frameworks",
				);
				MARKETING_VERSION = 1.0;
				PRODUCT_BUNDLE_IDENTIFIER = Alkemy.SomosMasApp;
				PRODUCT_NAME = "$(TARGET_NAME)";
				SWIFT_EMIT_LOC_STRINGS = YES;
				SWIFT_VERSION = 5.0;
				TARGETED_DEVICE_FAMILY = "1,2";
				WEBSERVICE_URL = "";
			};
			name = Release;
		};
/* End XCBuildConfiguration section */

/* Begin XCConfigurationList section */
		A1FB4EC227E2130500B6258A /* Build configuration list for PBXProject "SomosMasApp" */ = {
			isa = XCConfigurationList;
			buildConfigurations = (
				A1FB4ED927E2130B00B6258A /* Debug */,
				A1FB4EDA27E2130B00B6258A /* Release */,
			);
			defaultConfigurationIsVisible = 0;
			defaultConfigurationName = Release;
		};
		A1FB4EDB27E2130B00B6258A /* Build configuration list for PBXNativeTarget "SomosMasApp" */ = {
			isa = XCConfigurationList;
			buildConfigurations = (
				A1FB4EDC27E2130B00B6258A /* Debug */,
				A1FB4EDD27E2130B00B6258A /* Release */,
			);
			defaultConfigurationIsVisible = 0;
			defaultConfigurationName = Release;
		};
/* End XCConfigurationList section */
	};
	rootObject = A1FB4EBF27E2130500B6258A /* Project object */;
}
