// !$*UTF8*$!
{
	archiveVersion = 1;
	classes = {
	};
	objectVersion = 55;
	objects = {

/* Begin PBXBuildFile section */
		A18662FF27E3A034007575CE /* SignUpViewController.swift in Sources */ = {isa = PBXBuildFile; fileRef = A18662FD27E3A034007575CE /* SignUpViewController.swift */; };
		A186630027E3A034007575CE /* SignUpViewController.xib in Resources */ = {isa = PBXBuildFile; fileRef = A18662FE27E3A034007575CE /* SignUpViewController.xib */; };
		A1FB4ECB27E2130600B6258A /* AppDelegate.swift in Sources */ = {isa = PBXBuildFile; fileRef = A1FB4ECA27E2130600B6258A /* AppDelegate.swift */; };
		A1FB4ECD27E2130600B6258A /* SceneDelegate.swift in Sources */ = {isa = PBXBuildFile; fileRef = A1FB4ECC27E2130600B6258A /* SceneDelegate.swift */; };
		A1FB4ECF27E2130600B6258A /* ViewController.swift in Sources */ = {isa = PBXBuildFile; fileRef = A1FB4ECE27E2130600B6258A /* ViewController.swift */; };
		A1FB4ED227E2130600B6258A /* Main.storyboard in Resources */ = {isa = PBXBuildFile; fileRef = A1FB4ED027E2130600B6258A /* Main.storyboard */; };
		A1FB4ED427E2130B00B6258A /* Assets.xcassets in Resources */ = {isa = PBXBuildFile; fileRef = A1FB4ED327E2130B00B6258A /* Assets.xcassets */; };
		A1FB4ED727E2130B00B6258A /* LaunchScreen.storyboard in Resources */ = {isa = PBXBuildFile; fileRef = A1FB4ED527E2130B00B6258A /* LaunchScreen.storyboard */; };
/* End PBXBuildFile section */

/* Begin PBXFileReference section */
		A18662FD27E3A034007575CE /* SignUpViewController.swift */ = {isa = PBXFileReference; lastKnownFileType = sourcecode.swift; path = SignUpViewController.swift; sourceTree = "<group>"; };
		A18662FE27E3A034007575CE /* SignUpViewController.xib */ = {isa = PBXFileReference; lastKnownFileType = file.xib; path = SignUpViewController.xib; sourceTree = "<group>"; };
		A1FB4EC727E2130600B6258A /* SomosMasApp.app */ = {isa = PBXFileReference; explicitFileType = wrapper.application; includeInIndex = 0; path = SomosMasApp.app; sourceTree = BUILT_PRODUCTS_DIR; };
		A1FB4ECA27E2130600B6258A /* AppDelegate.swift */ = {isa = PBXFileReference; lastKnownFileType = sourcecode.swift; path = AppDelegate.swift; sourceTree = "<group>"; };
		A1FB4ECC27E2130600B6258A /* SceneDelegate.swift */ = {isa = PBXFileReference; lastKnownFileType = sourcecode.swift; path = SceneDelegate.swift; sourceTree = "<group>"; };
		A1FB4ECE27E2130600B6258A /* ViewController.swift */ = {isa = PBXFileReference; lastKnownFileType = sourcecode.swift; path = ViewController.swift; sourceTree = "<group>"; };
		A1FB4ED127E2130600B6258A /* Base */ = {isa = PBXFileReference; lastKnownFileType = file.storyboard; name = Base; path = Base.lproj/Main.storyboard; sourceTree = "<group>"; };
		A1FB4ED327E2130B00B6258A /* Assets.xcassets */ = {isa = PBXFileReference; lastKnownFileType = folder.assetcatalog; path = Assets.xcassets; sourceTree = "<group>"; };
		A1FB4ED627E2130B00B6258A /* Base */ = {isa = PBXFileReference; lastKnownFileType = file.storyboard; name = Base; path = Base.lproj/LaunchScreen.storyboard; sourceTree = "<group>"; };
		A1FB4ED827E2130B00B6258A /* Info.plist */ = {isa = PBXFileReference; lastKnownFileType = text.plist.xml; path = Info.plist; sourceTree = "<group>"; };
/* End PBXFileReference section */

/* Begin PBXFrameworksBuildPhase section */
		A1FB4EC427E2130600B6258A /* Frameworks */ = {
			isa = PBXFrameworksBuildPhase;
			buildActionMask = 2147483647;
			files = (
			);
			runOnlyForDeploymentPostprocessing = 0;
		};
/* End PBXFrameworksBuildPhase section */

/* Begin PBXGroup section */
		A17FF66127E4F4EA00E3DFEC /* App */ = {
			isa = PBXGroup;
			children = (
				A18662F927E39FE9007575CE /* Modules */,
			);
			path = App;
			sourceTree = "<group>";
		};
		A18662F927E39FE9007575CE /* Modules */ = {
			isa = PBXGroup;
			children = (
				A18662FA27E39FF0007575CE /* SignUp */,
			);
			path = Modules;
			sourceTree = "<group>";
		};
		A18662FA27E39FF0007575CE /* SignUp */ = {
			isa = PBXGroup;
			children = (
				A18662FB27E39FF7007575CE /* View */,
				A18662FC27E39FFD007575CE /* Controller */,
			);
			path = SignUp;
			sourceTree = "<group>";
		};
		A18662FB27E39FF7007575CE /* View */ = {
			isa = PBXGroup;
			children = (
				A18662FE27E3A034007575CE /* SignUpViewController.xib */,
			);
			path = View;
			sourceTree = "<group>";
		};
		A18662FC27E39FFD007575CE /* Controller */ = {
			isa = PBXGroup;
			children = (
				A18662FD27E3A034007575CE /* SignUpViewController.swift */,
			);
			path = Controller;
			sourceTree = "<group>";
		};
		A1FB4EBE27E2130500B6258A = {
			isa = PBXGroup;
			children = (
				A1FB4EC927E2130600B6258A /* SomosMasApp */,
				A1FB4EC827E2130600B6258A /* Products */,
			);
			sourceTree = "<group>";
		};
		A1FB4EC827E2130600B6258A /* Products */ = {
			isa = PBXGroup;
			children = (
				A1FB4EC727E2130600B6258A /* SomosMasApp.app */,
			);
			name = Products;
			sourceTree = "<group>";
		};
		A1FB4EC927E2130600B6258A /* SomosMasApp */ = {
			isa = PBXGroup;
			children = (
				A17FF66127E4F4EA00E3DFEC /* App */,
				A1FB4ECA27E2130600B6258A /* AppDelegate.swift */,
				A1FB4ECC27E2130600B6258A /* SceneDelegate.swift */,
				A1FB4ECE27E2130600B6258A /* ViewController.swift */,
				A1FB4ED027E2130600B6258A /* Main.storyboard */,
				A1FB4ED327E2130B00B6258A /* Assets.xcassets */,
				A1FB4ED527E2130B00B6258A /* LaunchScreen.storyboard */,
				A1FB4ED827E2130B00B6258A /* Info.plist */,
			);
			path = SomosMasApp;
			sourceTree = "<group>";
		};
/* End PBXGroup section */

/* Begin PBXNativeTarget section */
		A1FB4EC627E2130600B6258A /* SomosMasApp */ = {
			isa = PBXNativeTarget;
			buildConfigurationList = A1FB4EDB27E2130B00B6258A /* Build configuration list for PBXNativeTarget "SomosMasApp" */;
			buildPhases = (
				A1FB4EC327E2130600B6258A /* Sources */,
				A1FB4EC427E2130600B6258A /* Frameworks */,
				A1FB4EC527E2130600B6258A /* Resources */,
			);
			buildRules = (
			);
			dependencies = (
			);
			name = SomosMasApp;
			productName = SomosMasApp;
			productReference = A1FB4EC727E2130600B6258A /* SomosMasApp.app */;
			productType = "com.apple.product-type.application";
		};
/* End PBXNativeTarget section */

/* Begin PBXProject section */
		A1FB4EBF27E2130500B6258A /* Project object */ = {
			isa = PBXProject;
			attributes = {
				BuildIndependentTargetsInParallel = 1;
				LastSwiftUpdateCheck = 1330;
				LastUpgradeCheck = 1330;
				TargetAttributes = {
					A1FB4EC627E2130600B6258A = {
						CreatedOnToolsVersion = 13.3;
					};
				};
			};
			buildConfigurationList = A1FB4EC227E2130500B6258A /* Build configuration list for PBXProject "SomosMasApp" */;
			compatibilityVersion = "Xcode 13.0";
			developmentRegion = en;
			hasScannedForEncodings = 0;
			knownRegions = (
				en,
				Base,
			);
			mainGroup = A1FB4EBE27E2130500B6258A;
			productRefGroup = A1FB4EC827E2130600B6258A /* Products */;
			projectDirPath = "";
			projectRoot = "";
			targets = (
				A1FB4EC627E2130600B6258A /* SomosMasApp */,
			);
		};
/* End PBXProject section */

/* Begin PBXResourcesBuildPhase section */
		A1FB4EC527E2130600B6258A /* Resources */ = {
			isa = PBXResourcesBuildPhase;
			buildActionMask = 2147483647;
			files = (
				A1FB4ED727E2130B00B6258A /* LaunchScreen.storyboard in Resources */,
				A1FB4ED427E2130B00B6258A /* Assets.xcassets in Resources */,
				A186630027E3A034007575CE /* SignUpViewController.xib in Resources */,
				A1FB4ED227E2130600B6258A /* Main.storyboard in Resources */,
			);
			runOnlyForDeploymentPostprocessing = 0;
		};
/* End PBXResourcesBuildPhase section */

/* Begin PBXSourcesBuildPhase section */
		A1FB4EC327E2130600B6258A /* Sources */ = {
			isa = PBXSourcesBuildPhase;
			buildActionMask = 2147483647;
			files = (
				A1FB4ECF27E2130600B6258A /* ViewController.swift in Sources */,
				A1FB4ECB27E2130600B6258A /* AppDelegate.swift in Sources */,
				A18662FF27E3A034007575CE /* SignUpViewController.swift in Sources */,
				A1FB4ECD27E2130600B6258A /* SceneDelegate.swift in Sources */,
			);
			runOnlyForDeploymentPostprocessing = 0;
		};
/* End PBXSourcesBuildPhase section */

/* Begin PBXVariantGroup section */
		A1FB4ED027E2130600B6258A /* Main.storyboard */ = {
			isa = PBXVariantGroup;
			children = (
				A1FB4ED127E2130600B6258A /* Base */,
			);
			name = Main.storyboard;
			sourceTree = "<group>";
		};
		A1FB4ED527E2130B00B6258A /* LaunchScreen.storyboard */ = {
			isa = PBXVariantGroup;
			children = (
				A1FB4ED627E2130B00B6258A /* Base */,
			);
			name = LaunchScreen.storyboard;
			sourceTree = "<group>";
		};
/* End PBXVariantGroup section */

/* Begin XCBuildConfiguration section */
		A1FB4ED927E2130B00B6258A /* Debug */ = {
			isa = XCBuildConfiguration;
			buildSettings = {
				ALWAYS_SEARCH_USER_PATHS = NO;
				CLANG_ANALYZER_NONNULL = YES;
				CLANG_ANALYZER_NUMBER_OBJECT_CONVERSION = YES_AGGRESSIVE;
				CLANG_CXX_LANGUAGE_STANDARD = "gnu++17";
				CLANG_ENABLE_MODULES = YES;
				CLANG_ENABLE_OBJC_ARC = YES;
				CLANG_ENABLE_OBJC_WEAK = YES;
				CLANG_WARN_BLOCK_CAPTURE_AUTORELEASING = YES;
				CLANG_WARN_BOOL_CONVERSION = YES;
				CLANG_WARN_COMMA = YES;
				CLANG_WARN_CONSTANT_CONVERSION = YES;
				CLANG_WARN_DEPRECATED_OBJC_IMPLEMENTATIONS = YES;
				CLANG_WARN_DIRECT_OBJC_ISA_USAGE = YES_ERROR;
				CLANG_WARN_DOCUMENTATION_COMMENTS = YES;
				CLANG_WARN_EMPTY_BODY = YES;
				CLANG_WARN_ENUM_CONVERSION = YES;
				CLANG_WARN_INFINITE_RECURSION = YES;
				CLANG_WARN_INT_CONVERSION = YES;
				CLANG_WARN_NON_LITERAL_NULL_CONVERSION = YES;
				CLANG_WARN_OBJC_IMPLICIT_RETAIN_SELF = YES;
				CLANG_WARN_OBJC_LITERAL_CONVERSION = YES;
				CLANG_WARN_OBJC_ROOT_CLASS = YES_ERROR;
				CLANG_WARN_QUOTED_INCLUDE_IN_FRAMEWORK_HEADER = YES;
				CLANG_WARN_RANGE_LOOP_ANALYSIS = YES;
				CLANG_WARN_STRICT_PROTOTYPES = YES;
				CLANG_WARN_SUSPICIOUS_MOVE = YES;
				CLANG_WARN_UNGUARDED_AVAILABILITY = YES_AGGRESSIVE;
				CLANG_WARN_UNREACHABLE_CODE = YES;
				CLANG_WARN__DUPLICATE_METHOD_MATCH = YES;
				COPY_PHASE_STRIP = NO;
				DEBUG_INFORMATION_FORMAT = dwarf;
				ENABLE_STRICT_OBJC_MSGSEND = YES;
				ENABLE_TESTABILITY = YES;
				GCC_C_LANGUAGE_STANDARD = gnu11;
				GCC_DYNAMIC_NO_PIC = NO;
				GCC_NO_COMMON_BLOCKS = YES;
				GCC_OPTIMIZATION_LEVEL = 0;
				GCC_PREPROCESSOR_DEFINITIONS = (
					"DEBUG=1",
					"$(inherited)",
				);
				GCC_WARN_64_TO_32_BIT_CONVERSION = YES;
				GCC_WARN_ABOUT_RETURN_TYPE = YES_ERROR;
				GCC_WARN_UNDECLARED_SELECTOR = YES;
				GCC_WARN_UNINITIALIZED_AUTOS = YES_AGGRESSIVE;
				GCC_WARN_UNUSED_FUNCTION = YES;
				GCC_WARN_UNUSED_VARIABLE = YES;
				IPHONEOS_DEPLOYMENT_TARGET = 15.4;
				MTL_ENABLE_DEBUG_INFO = INCLUDE_SOURCE;
				MTL_FAST_MATH = YES;
				ONLY_ACTIVE_ARCH = YES;
				SDKROOT = iphoneos;
				SWIFT_ACTIVE_COMPILATION_CONDITIONS = DEBUG;
				SWIFT_OPTIMIZATION_LEVEL = "-Onone";
			};
			name = Debug;
		};
		A1FB4EDA27E2130B00B6258A /* Release */ = {
			isa = XCBuildConfiguration;
			buildSettings = {
				ALWAYS_SEARCH_USER_PATHS = NO;
				CLANG_ANALYZER_NONNULL = YES;
				CLANG_ANALYZER_NUMBER_OBJECT_CONVERSION = YES_AGGRESSIVE;
				CLANG_CXX_LANGUAGE_STANDARD = "gnu++17";
				CLANG_ENABLE_MODULES = YES;
				CLANG_ENABLE_OBJC_ARC = YES;
				CLANG_ENABLE_OBJC_WEAK = YES;
				CLANG_WARN_BLOCK_CAPTURE_AUTORELEASING = YES;
				CLANG_WARN_BOOL_CONVERSION = YES;
				CLANG_WARN_COMMA = YES;
				CLANG_WARN_CONSTANT_CONVERSION = YES;
				CLANG_WARN_DEPRECATED_OBJC_IMPLEMENTATIONS = YES;
				CLANG_WARN_DIRECT_OBJC_ISA_USAGE = YES_ERROR;
				CLANG_WARN_DOCUMENTATION_COMMENTS = YES;
				CLANG_WARN_EMPTY_BODY = YES;
				CLANG_WARN_ENUM_CONVERSION = YES;
				CLANG_WARN_INFINITE_RECURSION = YES;
				CLANG_WARN_INT_CONVERSION = YES;
				CLANG_WARN_NON_LITERAL_NULL_CONVERSION = YES;
				CLANG_WARN_OBJC_IMPLICIT_RETAIN_SELF = YES;
				CLANG_WARN_OBJC_LITERAL_CONVERSION = YES;
				CLANG_WARN_OBJC_ROOT_CLASS = YES_ERROR;
				CLANG_WARN_QUOTED_INCLUDE_IN_FRAMEWORK_HEADER = YES;
				CLANG_WARN_RANGE_LOOP_ANALYSIS = YES;
				CLANG_WARN_STRICT_PROTOTYPES = YES;
				CLANG_WARN_SUSPICIOUS_MOVE = YES;
				CLANG_WARN_UNGUARDED_AVAILABILITY = YES_AGGRESSIVE;
				CLANG_WARN_UNREACHABLE_CODE = YES;
				CLANG_WARN__DUPLICATE_METHOD_MATCH = YES;
				COPY_PHASE_STRIP = NO;
				DEBUG_INFORMATION_FORMAT = "dwarf-with-dsym";
				ENABLE_NS_ASSERTIONS = NO;
				ENABLE_STRICT_OBJC_MSGSEND = YES;
				GCC_C_LANGUAGE_STANDARD = gnu11;
				GCC_NO_COMMON_BLOCKS = YES;
				GCC_WARN_64_TO_32_BIT_CONVERSION = YES;
				GCC_WARN_ABOUT_RETURN_TYPE = YES_ERROR;
				GCC_WARN_UNDECLARED_SELECTOR = YES;
				GCC_WARN_UNINITIALIZED_AUTOS = YES_AGGRESSIVE;
				GCC_WARN_UNUSED_FUNCTION = YES;
				GCC_WARN_UNUSED_VARIABLE = YES;
				IPHONEOS_DEPLOYMENT_TARGET = 15.4;
				MTL_ENABLE_DEBUG_INFO = NO;
				MTL_FAST_MATH = YES;
				SDKROOT = iphoneos;
				SWIFT_COMPILATION_MODE = wholemodule;
				SWIFT_OPTIMIZATION_LEVEL = "-O";
				VALIDATE_PRODUCT = YES;
			};
			name = Release;
		};
		A1FB4EDC27E2130B00B6258A /* Debug */ = {
			isa = XCBuildConfiguration;
			buildSettings = {
				ASSETCATALOG_COMPILER_APPICON_NAME = AppIcon;
				ASSETCATALOG_COMPILER_GLOBAL_ACCENT_COLOR_NAME = AccentColor;
				CODE_SIGN_STYLE = Automatic;
				CURRENT_PROJECT_VERSION = 1;
				GENERATE_INFOPLIST_FILE = YES;
				INFOPLIST_FILE = SomosMasApp/Info.plist;
				INFOPLIST_KEY_UIApplicationSupportsIndirectInputEvents = YES;
				INFOPLIST_KEY_UILaunchStoryboardName = LaunchScreen;
				INFOPLIST_KEY_UIMainStoryboardFile = Main;
				INFOPLIST_KEY_UISupportedInterfaceOrientations_iPad = "UIInterfaceOrientationPortrait UIInterfaceOrientationPortraitUpsideDown UIInterfaceOrientationLandscapeLeft UIInterfaceOrientationLandscapeRight";
				INFOPLIST_KEY_UISupportedInterfaceOrientations_iPhone = "UIInterfaceOrientationPortrait UIInterfaceOrientationLandscapeLeft UIInterfaceOrientationLandscapeRight";
				LD_RUNPATH_SEARCH_PATHS = (
					"$(inherited)",
					"@executable_path/Frameworks",
				);
				MARKETING_VERSION = 1.0;
				PRODUCT_BUNDLE_IDENTIFIER = Alkemy.SomosMasApp;
				PRODUCT_NAME = "$(TARGET_NAME)";
				SWIFT_EMIT_LOC_STRINGS = YES;
				SWIFT_VERSION = 5.0;
				TARGETED_DEVICE_FAMILY = "1,2";
			};
			name = Debug;
		};
		A1FB4EDD27E2130B00B6258A /* Release */ = {
			isa = XCBuildConfiguration;
			buildSettings = {
				ASSETCATALOG_COMPILER_APPICON_NAME = AppIcon;
				ASSETCATALOG_COMPILER_GLOBAL_ACCENT_COLOR_NAME = AccentColor;
				CODE_SIGN_STYLE = Automatic;
				CURRENT_PROJECT_VERSION = 1;
				GENERATE_INFOPLIST_FILE = YES;
				INFOPLIST_FILE = SomosMasApp/Info.plist;
				INFOPLIST_KEY_UIApplicationSupportsIndirectInputEvents = YES;
				INFOPLIST_KEY_UILaunchStoryboardName = LaunchScreen;
				INFOPLIST_KEY_UIMainStoryboardFile = Main;
				INFOPLIST_KEY_UISupportedInterfaceOrientations_iPad = "UIInterfaceOrientationPortrait UIInterfaceOrientationPortraitUpsideDown UIInterfaceOrientationLandscapeLeft UIInterfaceOrientationLandscapeRight";
				INFOPLIST_KEY_UISupportedInterfaceOrientations_iPhone = "UIInterfaceOrientationPortrait UIInterfaceOrientationLandscapeLeft UIInterfaceOrientationLandscapeRight";
				LD_RUNPATH_SEARCH_PATHS = (
					"$(inherited)",
					"@executable_path/Frameworks",
				);
				MARKETING_VERSION = 1.0;
				PRODUCT_BUNDLE_IDENTIFIER = Alkemy.SomosMasApp;
				PRODUCT_NAME = "$(TARGET_NAME)";
				SWIFT_EMIT_LOC_STRINGS = YES;
				SWIFT_VERSION = 5.0;
				TARGETED_DEVICE_FAMILY = "1,2";
			};
			name = Release;
		};
/* End XCBuildConfiguration section */

/* Begin XCConfigurationList section */
		A1FB4EC227E2130500B6258A /* Build configuration list for PBXProject "SomosMasApp" */ = {
			isa = XCConfigurationList;
			buildConfigurations = (
				A1FB4ED927E2130B00B6258A /* Debug */,
				A1FB4EDA27E2130B00B6258A /* Release */,
			);
			defaultConfigurationIsVisible = 0;
			defaultConfigurationName = Release;
		};
		A1FB4EDB27E2130B00B6258A /* Build configuration list for PBXNativeTarget "SomosMasApp" */ = {
			isa = XCConfigurationList;
			buildConfigurations = (
				A1FB4EDC27E2130B00B6258A /* Debug */,
				A1FB4EDD27E2130B00B6258A /* Release */,
			);
			defaultConfigurationIsVisible = 0;
			defaultConfigurationName = Release;
		};
/* End XCConfigurationList section */
	};
	rootObject = A1FB4EBF27E2130500B6258A /* Project object */;
}
